
Microsoft Visual Studio Solution File, Format Version 12.00
# Visual Studio Version 17
VisualStudioVersion = 17.4.33213.308
MinimumVisualStudioVersion = 10.0.40219.1
Project("{FAE04EC0-301F-11D3-BF4B-00C04F79EFBC}") = "Sales.shared", "Sales.shared\Sales.shared.csproj", "{C5CF7EB0-A8B4-44F8-AEE6-C4F4865C67D6}"
EndProject
Global
	GlobalSection(SolutionConfigurationPlatforms) = preSolution
		Debug|Any CPU = Debug|Any CPU
		Release|Any CPU = Release|Any CPU
	EndGlobalSection
	GlobalSection(ProjectConfigurationPlatforms) = postSolution
		{C5CF7EB0-A8B4-44F8-AEE6-C4F4865C67D6}.Debug|Any CPU.ActiveCfg = Debug|Any CPU
		{C5CF7EB0-A8B4-44F8-AEE6-C4F4865C67D6}.Debug|Any CPU.Build.0 = Debug|Any CPU
		{C5CF7EB0-A8B4-44F8-AEE6-C4F4865C67D6}.Release|Any CPU.ActiveCfg = Release|Any CPU
		{C5CF7EB0-A8B4-44F8-AEE6-C4F4865C67D6}.Release|Any CPU.Build.0 = Release|Any CPU
	EndGlobalSection
	GlobalSection(SolutionProperties) = preSolution
		HideSolutionNode = FALSE
	EndGlobalSection
	GlobalSection(ExtensibilityGlobals) = postSolution
		SolutionGuid = {2EB57C8B-231B-4D08-A300-B117B4F81FCD}
	EndGlobalSection
EndGlobal
